
Microsoft Visual Studio Solution File, Format Version 12.00
# Visual Studio Version 17
VisualStudioVersion = 17.4.33205.214
MinimumVisualStudioVersion = 10.0.40219.1
Project("{8BC9CEB8-8B4A-11D0-8D11-00A0C91BC942}") = "Lang3", "Lang3\Lang3.vcxproj", "{3BE254D6-2609-4DEC-910E-99F426ADB094}"
EndProject
Global
	GlobalSection(SolutionConfigurationPlatforms) = preSolution
		Debug|x64 = Debug|x64
		Debug|x86 = Debug|x86
		Release|x64 = Release|x64
		Release|x86 = Release|x86
	EndGlobalSection
	GlobalSection(ProjectConfigurationPlatforms) = postSolution
		{3BE254D6-2609-4DEC-910E-99F426ADB094}.Debug|x64.ActiveCfg = Debug|x64
		{3BE254D6-2609-4DEC-910E-99F426ADB094}.Debug|x64.Build.0 = Debug|x64
		{3BE254D6-2609-4DEC-910E-99F426ADB094}.Debug|x86.ActiveCfg = Debug|Win32
		{3BE254D6-2609-4DEC-910E-99F426ADB094}.Debug|x86.Build.0 = Debug|Win32
		{3BE254D6-2609-4DEC-910E-99F426ADB094}.Release|x64.ActiveCfg = Release|Win32
		{3BE254D6-2609-4DEC-910E-99F426ADB094}.Release|x64.Build.0 = Release|Win32
		{3BE254D6-2609-4DEC-910E-99F426ADB094}.Release|x86.ActiveCfg = Release|Win32
		{3BE254D6-2609-4DEC-910E-99F426ADB094}.Release|x86.Build.0 = Release|Win32
	EndGlobalSection
	GlobalSection(SolutionProperties) = preSolution
		HideSolutionNode = FALSE
	EndGlobalSection
	GlobalSection(ExtensibilityGlobals) = postSolution
		SolutionGuid = {9D868D48-BD0B-4408-9B7E-1B470CB71F00}
	EndGlobalSection
EndGlobal
